
Microsoft Visual Studio Solution File, Format Version 12.00
# Visual Studio Version 17
VisualStudioVersion = 17.14.36301.6 d17.14
MinimumVisualStudioVersion = 10.0.40219.1
Project("{FAE04EC0-301F-11D3-BF4B-00C04F79EFBC}") = "ToDo_Api", "ToDo_Api\ToDo_Api.csproj", "{2418220B-1412-410F-88C8-D45B7D300BAF}"
EndProject
Global
	GlobalSection(SolutionConfigurationPlatforms) = preSolution
		Debug|Any CPU = Debug|Any CPU
		Release|Any CPU = Release|Any CPU
	EndGlobalSection
	GlobalSection(ProjectConfigurationPlatforms) = postSolution
		{2418220B-1412-410F-88C8-D45B7D300BAF}.Debug|Any CPU.ActiveCfg = Debug|Any CPU
		{2418220B-1412-410F-88C8-D45B7D300BAF}.Debug|Any CPU.Build.0 = Debug|Any CPU
		{2418220B-1412-410F-88C8-D45B7D300BAF}.Release|Any CPU.ActiveCfg = Release|Any CPU
		{2418220B-1412-410F-88C8-D45B7D300BAF}.Release|Any CPU.Build.0 = Release|Any CPU
	EndGlobalSection
	GlobalSection(SolutionProperties) = preSolution
		HideSolutionNode = FALSE
	EndGlobalSection
	GlobalSection(ExtensibilityGlobals) = postSolution
		SolutionGuid = {EC71AAAA-95D7-463D-9B6B-5BFFF240582F}
	EndGlobalSection
EndGlobal
